// !$*UTF8*$!
{
	archiveVersion = 1;
	classes = {
	};
	objectVersion = 56;
	objects = {

/* Begin PBXBuildFile section */
		FE35D07D2C68C67E00F9FDDD /* Football_ChallengeApp.swift in Sources */ = {isa = PBXBuildFile; fileRef = FE35D07C2C68C67E00F9FDDD /* Football_ChallengeApp.swift */; };
		FE35D07F2C68C67E00F9FDDD /* ContentView.swift in Sources */ = {isa = PBXBuildFile; fileRef = FE35D07E2C68C67E00F9FDDD /* ContentView.swift */; };
		FE35D0812C68C67E00F9FDDD /* Assets.xcassets in Resources */ = {isa = PBXBuildFile; fileRef = FE35D0802C68C67E00F9FDDD /* Assets.xcassets */; };
		FE35D0842C68C67E00F9FDDD /* Preview Assets.xcassets in Resources */ = {isa = PBXBuildFile; fileRef = FE35D0832C68C67E00F9FDDD /* Preview Assets.xcassets */; };
		FE35D0902C68D35D00F9FDDD /* TeamList.swift in Sources */ = {isa = PBXBuildFile; fileRef = FE35D08F2C68D35D00F9FDDD /* TeamList.swift */; };
		FE35D0922C68D51C00F9FDDD /* Team.swift in Sources */ = {isa = PBXBuildFile; fileRef = FE35D0912C68D51C00F9FDDD /* Team.swift */; };
		FE35D0942C6A03F300F9FDDD /* FootballDataSource.swift in Sources */ = {isa = PBXBuildFile; fileRef = FE35D0932C6A03F300F9FDDD /* FootballDataSource.swift */; };
		FEB11C652C6BD71B00C996C4 /* TeamSummary.swift in Sources */ = {isa = PBXBuildFile; fileRef = FEB11C642C6BD71B00C996C4 /* TeamSummary.swift */; };
/* End PBXBuildFile section */

/* Begin PBXFileReference section */
		FE35D0792C68C67E00F9FDDD /* Football Challenge.app */ = {isa = PBXFileReference; explicitFileType = wrapper.application; includeInIndex = 0; path = "Football Challenge.app"; sourceTree = BUILT_PRODUCTS_DIR; };
		FE35D07C2C68C67E00F9FDDD /* Football_ChallengeApp.swift */ = {isa = PBXFileReference; lastKnownFileType = sourcecode.swift; path = Football_ChallengeApp.swift; sourceTree = "<group>"; };
		FE35D07E2C68C67E00F9FDDD /* ContentView.swift */ = {isa = PBXFileReference; lastKnownFileType = sourcecode.swift; path = ContentView.swift; sourceTree = "<group>"; };
		FE35D0802C68C67E00F9FDDD /* Assets.xcassets */ = {isa = PBXFileReference; lastKnownFileType = folder.assetcatalog; path = Assets.xcassets; sourceTree = "<group>"; };
		FE35D0832C68C67E00F9FDDD /* Preview Assets.xcassets */ = {isa = PBXFileReference; lastKnownFileType = folder.assetcatalog; path = "Preview Assets.xcassets"; sourceTree = "<group>"; };
		FE35D08B2C68CA2100F9FDDD /* Config.xcconfig */ = {isa = PBXFileReference; lastKnownFileType = text.xcconfig; path = Config.xcconfig; sourceTree = "<group>"; };
		FE35D08C2C68CA8100F9FDDD /* Football-Challenge-Info.plist */ = {isa = PBXFileReference; lastKnownFileType = text.plist; path = "Football-Challenge-Info.plist"; sourceTree = SOURCE_ROOT; };
		FE35D08F2C68D35D00F9FDDD /* TeamList.swift */ = {isa = PBXFileReference; lastKnownFileType = sourcecode.swift; path = TeamList.swift; sourceTree = "<group>"; };
		FE35D0912C68D51C00F9FDDD /* Team.swift */ = {isa = PBXFileReference; lastKnownFileType = sourcecode.swift; path = Team.swift; sourceTree = "<group>"; };
		FE35D0932C6A03F300F9FDDD /* FootballDataSource.swift */ = {isa = PBXFileReference; lastKnownFileType = sourcecode.swift; path = FootballDataSource.swift; sourceTree = "<group>"; };
		FEB11C642C6BD71B00C996C4 /* TeamSummary.swift */ = {isa = PBXFileReference; lastKnownFileType = sourcecode.swift; path = TeamSummary.swift; sourceTree = "<group>"; };
/* End PBXFileReference section */

/* Begin PBXFrameworksBuildPhase section */
		FE35D0762C68C67E00F9FDDD /* Frameworks */ = {
			isa = PBXFrameworksBuildPhase;
			buildActionMask = 2147483647;
			files = (
			);
			runOnlyForDeploymentPostprocessing = 0;
		};
/* End PBXFrameworksBuildPhase section */

/* Begin PBXGroup section */
		FE35D0702C68C67E00F9FDDD = {
			isa = PBXGroup;
			children = (
				FE35D07B2C68C67E00F9FDDD /* Football Challenge */,
				FE35D07A2C68C67E00F9FDDD /* Products */,
			);
			sourceTree = "<group>";
		};
		FE35D07A2C68C67E00F9FDDD /* Products */ = {
			isa = PBXGroup;
			children = (
				FE35D0792C68C67E00F9FDDD /* Football Challenge.app */,
			);
			name = Products;
			sourceTree = "<group>";
		};
		FE35D07B2C68C67E00F9FDDD /* Football Challenge */ = {
			isa = PBXGroup;
			children = (
				FEB11C632C6BBE6A00C996C4 /* ViewModels */,
				FE35D08E2C68CDB700F9FDDD /* DataSources */,
				FE35D08D2C68CDAC00F9FDDD /* Models */,
				FE35D08C2C68CA8100F9FDDD /* Football-Challenge-Info.plist */,
				FE35D07C2C68C67E00F9FDDD /* Football_ChallengeApp.swift */,
				FE35D07E2C68C67E00F9FDDD /* ContentView.swift */,
				FEB11C642C6BD71B00C996C4 /* TeamSummary.swift */,
				FE35D0802C68C67E00F9FDDD /* Assets.xcassets */,
				FE35D0822C68C67E00F9FDDD /* Preview Content */,
				FE35D08B2C68CA2100F9FDDD /* Config.xcconfig */,
			);
			path = "Football Challenge";
			sourceTree = "<group>";
		};
		FE35D0822C68C67E00F9FDDD /* Preview Content */ = {
			isa = PBXGroup;
			children = (
				FE35D0832C68C67E00F9FDDD /* Preview Assets.xcassets */,
			);
			path = "Preview Content";
			sourceTree = "<group>";
		};
		FE35D08D2C68CDAC00F9FDDD /* Models */ = {
			isa = PBXGroup;
			children = (
				FE35D08F2C68D35D00F9FDDD /* TeamList.swift */,
				FE35D0912C68D51C00F9FDDD /* Team.swift */,
			);
			path = Models;
			sourceTree = "<group>";
		};
		FE35D08E2C68CDB700F9FDDD /* DataSources */ = {
			isa = PBXGroup;
			children = (
				FE35D0932C6A03F300F9FDDD /* FootballDataSource.swift */,
			);
			path = DataSources;
			sourceTree = "<group>";
		};
		FEB11C632C6BBE6A00C996C4 /* ViewModels */ = {
			isa = PBXGroup;
			children = (
			);
			path = ViewModels;
			sourceTree = "<group>";
		};
/* End PBXGroup section */

/* Begin PBXNativeTarget section */
		FE35D0782C68C67E00F9FDDD /* Football Challenge */ = {
			isa = PBXNativeTarget;
			buildConfigurationList = FE35D0872C68C67E00F9FDDD /* Build configuration list for PBXNativeTarget "Football Challenge" */;
			buildPhases = (
				FE35D0752C68C67E00F9FDDD /* Sources */,
				FE35D0762C68C67E00F9FDDD /* Frameworks */,
				FE35D0772C68C67E00F9FDDD /* Resources */,
			);
			buildRules = (
			);
			dependencies = (
			);
			name = "Football Challenge";
			productName = "Football Challenge";
			productReference = FE35D0792C68C67E00F9FDDD /* Football Challenge.app */;
			productType = "com.apple.product-type.application";
		};
/* End PBXNativeTarget section */

/* Begin PBXProject section */
		FE35D0712C68C67E00F9FDDD /* Project object */ = {
			isa = PBXProject;
			attributes = {
				BuildIndependentTargetsInParallel = 1;
				LastSwiftUpdateCheck = 1540;
				LastUpgradeCheck = 1540;
				TargetAttributes = {
					FE35D0782C68C67E00F9FDDD = {
						CreatedOnToolsVersion = 15.4;
					};
				};
			};
			buildConfigurationList = FE35D0742C68C67E00F9FDDD /* Build configuration list for PBXProject "Football Challenge" */;
			compatibilityVersion = "Xcode 14.0";
			developmentRegion = en;
			hasScannedForEncodings = 0;
			knownRegions = (
				en,
				Base,
			);
			mainGroup = FE35D0702C68C67E00F9FDDD;
			productRefGroup = FE35D07A2C68C67E00F9FDDD /* Products */;
			projectDirPath = "";
			projectRoot = "";
			targets = (
				FE35D0782C68C67E00F9FDDD /* Football Challenge */,
			);
		};
/* End PBXProject section */

/* Begin PBXResourcesBuildPhase section */
		FE35D0772C68C67E00F9FDDD /* Resources */ = {
			isa = PBXResourcesBuildPhase;
			buildActionMask = 2147483647;
			files = (
				FE35D0842C68C67E00F9FDDD /* Preview Assets.xcassets in Resources */,
				FE35D0812C68C67E00F9FDDD /* Assets.xcassets in Resources */,
			);
			runOnlyForDeploymentPostprocessing = 0;
		};
/* End PBXResourcesBuildPhase section */

/* Begin PBXSourcesBuildPhase section */
		FE35D0752C68C67E00F9FDDD /* Sources */ = {
			isa = PBXSourcesBuildPhase;
			buildActionMask = 2147483647;
			files = (
				FE35D0922C68D51C00F9FDDD /* Team.swift in Sources */,
				FE35D07F2C68C67E00F9FDDD /* ContentView.swift in Sources */,
				FE35D07D2C68C67E00F9FDDD /* Football_ChallengeApp.swift in Sources */,
				FEB11C652C6BD71B00C996C4 /* TeamSummary.swift in Sources */,
				FE35D0942C6A03F300F9FDDD /* FootballDataSource.swift in Sources */,
				FE35D0902C68D35D00F9FDDD /* TeamList.swift in Sources */,
			);
			runOnlyForDeploymentPostprocessing = 0;
		};
/* End PBXSourcesBuildPhase section */

/* Begin XCBuildConfiguration section */
		FE35D0852C68C67E00F9FDDD /* Debug */ = {
			isa = XCBuildConfiguration;
			baseConfigurationReference = FE35D08B2C68CA2100F9FDDD /* Config.xcconfig */;
			buildSettings = {
				ALWAYS_SEARCH_USER_PATHS = NO;
				ASSETCATALOG_COMPILER_GENERATE_SWIFT_ASSET_SYMBOL_EXTENSIONS = YES;
				CLANG_ANALYZER_NONNULL = YES;
				CLANG_ANALYZER_NUMBER_OBJECT_CONVERSION = YES_AGGRESSIVE;
				CLANG_CXX_LANGUAGE_STANDARD = "gnu++20";
				CLANG_ENABLE_MODULES = YES;
				CLANG_ENABLE_OBJC_ARC = YES;
				CLANG_ENABLE_OBJC_WEAK = YES;
				CLANG_WARN_BLOCK_CAPTURE_AUTORELEASING = YES;
				CLANG_WARN_BOOL_CONVERSION = YES;
				CLANG_WARN_COMMA = YES;
				CLANG_WARN_CONSTANT_CONVERSION = YES;
				CLANG_WARN_DEPRECATED_OBJC_IMPLEMENTATIONS = YES;
				CLANG_WARN_DIRECT_OBJC_ISA_USAGE = YES_ERROR;
				CLANG_WARN_DOCUMENTATION_COMMENTS = YES;
				CLANG_WARN_EMPTY_BODY = YES;
				CLANG_WARN_ENUM_CONVERSION = YES;
				CLANG_WARN_INFINITE_RECURSION = YES;
				CLANG_WARN_INT_CONVERSION = YES;
				CLANG_WARN_NON_LITERAL_NULL_CONVERSION = YES;
				CLANG_WARN_OBJC_IMPLICIT_RETAIN_SELF = YES;
				CLANG_WARN_OBJC_LITERAL_CONVERSION = YES;
				CLANG_WARN_OBJC_ROOT_CLASS = YES_ERROR;
				CLANG_WARN_QUOTED_INCLUDE_IN_FRAMEWORK_HEADER = YES;
				CLANG_WARN_RANGE_LOOP_ANALYSIS = YES;
				CLANG_WARN_STRICT_PROTOTYPES = YES;
				CLANG_WARN_SUSPICIOUS_MOVE = YES;
				CLANG_WARN_UNGUARDED_AVAILABILITY = YES_AGGRESSIVE;
				CLANG_WARN_UNREACHABLE_CODE = YES;
				CLANG_WARN__DUPLICATE_METHOD_MATCH = YES;
				COPY_PHASE_STRIP = NO;
				DEBUG_INFORMATION_FORMAT = dwarf;
				ENABLE_STRICT_OBJC_MSGSEND = YES;
				ENABLE_TESTABILITY = YES;
				ENABLE_USER_SCRIPT_SANDBOXING = YES;
				GCC_C_LANGUAGE_STANDARD = gnu17;
				GCC_DYNAMIC_NO_PIC = NO;
				GCC_NO_COMMON_BLOCKS = YES;
				GCC_OPTIMIZATION_LEVEL = 0;
				GCC_PREPROCESSOR_DEFINITIONS = (
					"DEBUG=1",
					"$(inherited)",
				);
				GCC_WARN_64_TO_32_BIT_CONVERSION = YES;
				GCC_WARN_ABOUT_RETURN_TYPE = YES_ERROR;
				GCC_WARN_UNDECLARED_SELECTOR = YES;
				GCC_WARN_UNINITIALIZED_AUTOS = YES_AGGRESSIVE;
				GCC_WARN_UNUSED_FUNCTION = YES;
				GCC_WARN_UNUSED_VARIABLE = YES;
				IPHONEOS_DEPLOYMENT_TARGET = 17.5;
				LOCALIZATION_PREFERS_STRING_CATALOGS = YES;
				MTL_ENABLE_DEBUG_INFO = INCLUDE_SOURCE;
				MTL_FAST_MATH = YES;
				ONLY_ACTIVE_ARCH = YES;
				SDKROOT = iphoneos;
				SWIFT_ACTIVE_COMPILATION_CONDITIONS = "DEBUG $(inherited)";
				SWIFT_OPTIMIZATION_LEVEL = "-Onone";
			};
			name = Debug;
		};
		FE35D0862C68C67E00F9FDDD /* Release */ = {
			isa = XCBuildConfiguration;
			baseConfigurationReference = FE35D08B2C68CA2100F9FDDD /* Config.xcconfig */;
			buildSettings = {
				ALWAYS_SEARCH_USER_PATHS = NO;
				ASSETCATALOG_COMPILER_GENERATE_SWIFT_ASSET_SYMBOL_EXTENSIONS = YES;
				CLANG_ANALYZER_NONNULL = YES;
				CLANG_ANALYZER_NUMBER_OBJECT_CONVERSION = YES_AGGRESSIVE;
				CLANG_CXX_LANGUAGE_STANDARD = "gnu++20";
				CLANG_ENABLE_MODULES = YES;
				CLANG_ENABLE_OBJC_ARC = YES;
				CLANG_ENABLE_OBJC_WEAK = YES;
				CLANG_WARN_BLOCK_CAPTURE_AUTORELEASING = YES;
				CLANG_WARN_BOOL_CONVERSION = YES;
				CLANG_WARN_COMMA = YES;
				CLANG_WARN_CONSTANT_CONVERSION = YES;
				CLANG_WARN_DEPRECATED_OBJC_IMPLEMENTATIONS = YES;
				CLANG_WARN_DIRECT_OBJC_ISA_USAGE = YES_ERROR;
				CLANG_WARN_DOCUMENTATION_COMMENTS = YES;
				CLANG_WARN_EMPTY_BODY = YES;
				CLANG_WARN_ENUM_CONVERSION = YES;
				CLANG_WARN_INFINITE_RECURSION = YES;
				CLANG_WARN_INT_CONVERSION = YES;
				CLANG_WARN_NON_LITERAL_NULL_CONVERSION = YES;
				CLANG_WARN_OBJC_IMPLICIT_RETAIN_SELF = YES;
				CLANG_WARN_OBJC_LITERAL_CONVERSION = YES;
				CLANG_WARN_OBJC_ROOT_CLASS = YES_ERROR;
				CLANG_WARN_QUOTED_INCLUDE_IN_FRAMEWORK_HEADER = YES;
				CLANG_WARN_RANGE_LOOP_ANALYSIS = YES;
				CLANG_WARN_STRICT_PROTOTYPES = YES;
				CLANG_WARN_SUSPICIOUS_MOVE = YES;
				CLANG_WARN_UNGUARDED_AVAILABILITY = YES_AGGRESSIVE;
				CLANG_WARN_UNREACHABLE_CODE = YES;
				CLANG_WARN__DUPLICATE_METHOD_MATCH = YES;
				COPY_PHASE_STRIP = NO;
				DEBUG_INFORMATION_FORMAT = "dwarf-with-dsym";
				ENABLE_NS_ASSERTIONS = NO;
				ENABLE_STRICT_OBJC_MSGSEND = YES;
				ENABLE_USER_SCRIPT_SANDBOXING = YES;
				GCC_C_LANGUAGE_STANDARD = gnu17;
				GCC_NO_COMMON_BLOCKS = YES;
				GCC_WARN_64_TO_32_BIT_CONVERSION = YES;
				GCC_WARN_ABOUT_RETURN_TYPE = YES_ERROR;
				GCC_WARN_UNDECLARED_SELECTOR = YES;
				GCC_WARN_UNINITIALIZED_AUTOS = YES_AGGRESSIVE;
				GCC_WARN_UNUSED_FUNCTION = YES;
				GCC_WARN_UNUSED_VARIABLE = YES;
				IPHONEOS_DEPLOYMENT_TARGET = 17.5;
				LOCALIZATION_PREFERS_STRING_CATALOGS = YES;
				MTL_ENABLE_DEBUG_INFO = NO;
				MTL_FAST_MATH = YES;
				SDKROOT = iphoneos;
				SWIFT_COMPILATION_MODE = wholemodule;
				VALIDATE_PRODUCT = YES;
			};
			name = Release;
		};
		FE35D0882C68C67E00F9FDDD /* Debug */ = {
			isa = XCBuildConfiguration;
			buildSettings = {
				ASSETCATALOG_COMPILER_APPICON_NAME = AppIcon;
				ASSETCATALOG_COMPILER_GLOBAL_ACCENT_COLOR_NAME = AccentColor;
				CODE_SIGN_STYLE = Automatic;
				CURRENT_PROJECT_VERSION = 1;
				DEVELOPMENT_ASSET_PATHS = "\"Football Challenge/Preview Content\"";
				DEVELOPMENT_TEAM = Z7SY56C68T;
				ENABLE_PREVIEWS = YES;
				GENERATE_INFOPLIST_FILE = YES;
				INFOPLIST_FILE = "Football-Challenge-Info.plist";
				INFOPLIST_KEY_UIApplicationSceneManifest_Generation = YES;
				INFOPLIST_KEY_UIApplicationSupportsIndirectInputEvents = YES;
				INFOPLIST_KEY_UILaunchScreen_Generation = YES;
				INFOPLIST_KEY_UISupportedInterfaceOrientations_iPad = "UIInterfaceOrientationPortrait UIInterfaceOrientationPortraitUpsideDown UIInterfaceOrientationLandscapeLeft UIInterfaceOrientationLandscapeRight";
				INFOPLIST_KEY_UISupportedInterfaceOrientations_iPhone = "UIInterfaceOrientationPortrait UIInterfaceOrientationLandscapeLeft UIInterfaceOrientationLandscapeRight";
				LD_RUNPATH_SEARCH_PATHS = (
					"$(inherited)",
					"@executable_path/Frameworks",
				);
				MARKETING_VERSION = 1.0;
				PRODUCT_BUNDLE_IDENTIFIER = "uk.echoflats.Football-Challenge";
				PRODUCT_NAME = "$(TARGET_NAME)";
				SWIFT_EMIT_LOC_STRINGS = YES;
				SWIFT_VERSION = 5.0;
				TARGETED_DEVICE_FAMILY = "1,2";
			};
			name = Debug;
		};
		FE35D0892C68C67E00F9FDDD /* Release */ = {
			isa = XCBuildConfiguration;
			buildSettings = {
				ASSETCATALOG_COMPILER_APPICON_NAME = AppIcon;
				ASSETCATALOG_COMPILER_GLOBAL_ACCENT_COLOR_NAME = AccentColor;
				CODE_SIGN_STYLE = Automatic;
				CURRENT_PROJECT_VERSION = 1;
				DEVELOPMENT_ASSET_PATHS = "\"Football Challenge/Preview Content\"";
				DEVELOPMENT_TEAM = Z7SY56C68T;
				ENABLE_PREVIEWS = YES;
				GENERATE_INFOPLIST_FILE = YES;
				INFOPLIST_FILE = "Football-Challenge-Info.plist";
				INFOPLIST_KEY_UIApplicationSceneManifest_Generation = YES;
				INFOPLIST_KEY_UIApplicationSupportsIndirectInputEvents = YES;
				INFOPLIST_KEY_UILaunchScreen_Generation = YES;
				INFOPLIST_KEY_UISupportedInterfaceOrientations_iPad = "UIInterfaceOrientationPortrait UIInterfaceOrientationPortraitUpsideDown UIInterfaceOrientationLandscapeLeft UIInterfaceOrientationLandscapeRight";
				INFOPLIST_KEY_UISupportedInterfaceOrientations_iPhone = "UIInterfaceOrientationPortrait UIInterfaceOrientationLandscapeLeft UIInterfaceOrientationLandscapeRight";
				LD_RUNPATH_SEARCH_PATHS = (
					"$(inherited)",
					"@executable_path/Frameworks",
				);
				MARKETING_VERSION = 1.0;
				PRODUCT_BUNDLE_IDENTIFIER = "uk.echoflats.Football-Challenge";
				PRODUCT_NAME = "$(TARGET_NAME)";
				SWIFT_EMIT_LOC_STRINGS = YES;
				SWIFT_VERSION = 5.0;
				TARGETED_DEVICE_FAMILY = "1,2";
			};
			name = Release;
		};
/* End XCBuildConfiguration section */

/* Begin XCConfigurationList section */
		FE35D0742C68C67E00F9FDDD /* Build configuration list for PBXProject "Football Challenge" */ = {
			isa = XCConfigurationList;
			buildConfigurations = (
				FE35D0852C68C67E00F9FDDD /* Debug */,
				FE35D0862C68C67E00F9FDDD /* Release */,
			);
			defaultConfigurationIsVisible = 0;
			defaultConfigurationName = Release;
		};
		FE35D0872C68C67E00F9FDDD /* Build configuration list for PBXNativeTarget "Football Challenge" */ = {
			isa = XCConfigurationList;
			buildConfigurations = (
				FE35D0882C68C67E00F9FDDD /* Debug */,
				FE35D0892C68C67E00F9FDDD /* Release */,
			);
			defaultConfigurationIsVisible = 0;
			defaultConfigurationName = Release;
		};
/* End XCConfigurationList section */
	};
	rootObject = FE35D0712C68C67E00F9FDDD /* Project object */;
}
